
Microsoft Visual Studio Solution File, Format Version 12.00
# Visual Studio 14
VisualStudioVersion = 14.0.23107.0
MinimumVisualStudioVersion = 10.0.40219.1
Project("{FAE04EC0-301F-11D3-BF4B-00C04F79EFBC}") = "ProjectX", "ProjectX\ProjectX.csproj", "{0AAD45B3-E092-4164-A954-58BD7A0B8270}"
EndProject
Global
	GlobalSection(SolutionConfigurationPlatforms) = preSolution
		Debug|Any CPU = Debug|Any CPU
		Release|Any CPU = Release|Any CPU
	EndGlobalSection
	GlobalSection(ProjectConfigurationPlatforms) = postSolution
		{0AAD45B3-E092-4164-A954-58BD7A0B8270}.Debug|Any CPU.ActiveCfg = Debug|Any CPU
		{0AAD45B3-E092-4164-A954-58BD7A0B8270}.Debug|Any CPU.Build.0 = Debug|Any CPU
		{0AAD45B3-E092-4164-A954-58BD7A0B8270}.Release|Any CPU.ActiveCfg = Release|Any CPU
		{0AAD45B3-E092-4164-A954-58BD7A0B8270}.Release|Any CPU.Build.0 = Release|Any CPU
	EndGlobalSection
	GlobalSection(SolutionProperties) = preSolution
		HideSolutionNode = FALSE
	EndGlobalSection
EndGlobal
